// !$*UTF8*$!
{
	archiveVersion = 1;
	classes = {
	};
	objectVersion = 70;
	objects = {

/* Begin PBXBuildFile section */
		86023CD02C3497A60035F995 /* RevenueCat in Frameworks */ = {isa = PBXBuildFile; productRef = 86023CCF2C3497A60035F995 /* RevenueCat */; };
		86023CD22C3497A60035F995 /* RevenueCatUI in Frameworks */ = {isa = PBXBuildFile; productRef = 86023CD12C3497A60035F995 /* RevenueCatUI */; };
		86023CD42C3498770035F995 /* StoreKit.framework in Frameworks */ = {isa = PBXBuildFile; fileRef = 86023CD32C3498770035F995 /* StoreKit.framework */; };
		862813032BEF878B003FA32E /* OneSignalExtension in Frameworks */ = {isa = PBXBuildFile; productRef = 862813022BEF878B003FA32E /* OneSignalExtension */; };
		862813052BEF878B003FA32E /* OneSignalFramework in Frameworks */ = {isa = PBXBuildFile; productRef = 862813042BEF878B003FA32E /* OneSignalFramework */; };
		865ADB222BFE16EF009CDA90 /* RtcBasic in Frameworks */ = {isa = PBXBuildFile; productRef = 865ADB212BFE16EF009CDA90 /* RtcBasic */; };
		865ADB242BFE16EF009CDA90 /* VideoCodecDec in Frameworks */ = {isa = PBXBuildFile; productRef = 865ADB232BFE16EF009CDA90 /* VideoCodecDec */; };
		865ADB262BFE16EF009CDA90 /* VideoCodecEnc in Frameworks */ = {isa = PBXBuildFile; productRef = 865ADB252BFE16EF009CDA90 /* VideoCodecEnc */; };
		865ADB2D2BFE297D009CDA90 /* FirebaseFunctions in Frameworks */ = {isa = PBXBuildFile; productRef = 865ADB2C2BFE297D009CDA90 /* FirebaseFunctions */; };
		866286EF2BEECFEB00102FA0 /* NotificationService.swift in Sources */ = {isa = PBXBuildFile; fileRef = 866286EE2BEECFEB00102FA0 /* NotificationService.swift */; };
		866286F32BEECFEB00102FA0 /* OneSignalNotificationServiceExtension.appex in Embed Foundation Extensions */ = {isa = PBXBuildFile; fileRef = 866286EC2BEECFEB00102FA0 /* OneSignalNotificationServiceExtension.appex */; settings = {ATTRIBUTES = (RemoveHeadersOnCopy, ); }; };
		866E49DF2CE8E1AC00CD4B5F /* GoogleMobileAds in Frameworks */ = {isa = PBXBuildFile; productRef = 866E49DE2CE8E1AC00CD4B5F /* GoogleMobileAds */; };
		86980BE02E54F77A00A7D9AB /* Launch Screen.storyboard in Resources */ = {isa = PBXBuildFile; fileRef = 86980BDF2E54F77A00A7D9AB /* Launch Screen.storyboard */; };
		86980BE32E550E9900A7D9AB /* JavaScriptCore.framework in Frameworks */ = {isa = PBXBuildFile; fileRef = 86980BE22E550E9900A7D9AB /* JavaScriptCore.framework */; };
		86980BE52E550F2100A7D9AB /* GoogleService-Info.plist in Resources */ = {isa = PBXBuildFile; fileRef = 86980BE42E550F2100A7D9AB /* GoogleService-Info.plist */; };
		86A9ABF92BEEBF0300F4C7FE /* LearnsyApp.swift in Sources */ = {isa = PBXBuildFile; fileRef = 86A9ABF82BEEBF0300F4C7FE /* LearnsyApp.swift */; };
		86A9ABFB2BEEBF0300F4C7FE /* ContentView.swift in Sources */ = {isa = PBXBuildFile; fileRef = 86A9ABFA2BEEBF0300F4C7FE /* ContentView.swift */; };
		86A9ABFD2BEEBF0300F4C7FE /* Assets.xcassets in Resources */ = {isa = PBXBuildFile; fileRef = 86A9ABFC2BEEBF0300F4C7FE /* Assets.xcassets */; };
		86A9AC002BEEBF0300F4C7FE /* Preview Assets.xcassets in Resources */ = {isa = PBXBuildFile; fileRef = 86A9ABFF2BEEBF0300F4C7FE /* Preview Assets.xcassets */; };
		86A9AC0A2BEEC12100F4C7FE /* FirebaseAnalytics in Frameworks */ = {isa = PBXBuildFile; productRef = 86A9AC092BEEC12100F4C7FE /* FirebaseAnalytics */; };
		86A9AC0C2BEEC12100F4C7FE /* FirebaseAuth in Frameworks */ = {isa = PBXBuildFile; productRef = 86A9AC0B2BEEC12100F4C7FE /* FirebaseAuth */; };
		86A9AC0E2BEEC12100F4C7FE /* FirebaseCrashlytics in Frameworks */ = {isa = PBXBuildFile; productRef = 86A9AC0D2BEEC12100F4C7FE /* FirebaseCrashlytics */; };
		86A9AC102BEEC12100F4C7FE /* FirebaseFirestore in Frameworks */ = {isa = PBXBuildFile; productRef = 86A9AC0F2BEEC12100F4C7FE /* FirebaseFirestore */; };
		86A9AC122BEEC12100F4C7FE /* FirebaseStorage in Frameworks */ = {isa = PBXBuildFile; productRef = 86A9AC112BEEC12100F4C7FE /* FirebaseStorage */; };
		86A9AC152BEEC21500F4C7FE /* GoogleSignIn in Frameworks */ = {isa = PBXBuildFile; productRef = 86A9AC142BEEC21500F4C7FE /* GoogleSignIn */; };
		86A9AC172BEEC21500F4C7FE /* GoogleSignInSwift in Frameworks */ = {isa = PBXBuildFile; productRef = 86A9AC162BEEC21500F4C7FE /* GoogleSignInSwift */; };
		86C086A62C7F51BA00719941 /* Kingfisher in Frameworks */ = {isa = PBXBuildFile; productRef = 86C086A52C7F51BA00719941 /* Kingfisher */; };
		86E186622CA03D6A00780C9E /* FirebaseMessaging in Frameworks */ = {isa = PBXBuildFile; productRef = 86E186612CA03D6A00780C9E /* FirebaseMessaging */; };
		86F239BE2C6E1E1800F359E4 /* FirebaseFirestoreSwift in Frameworks */ = {isa = PBXBuildFile; productRef = 86F239BD2C6E1E1800F359E4 /* FirebaseFirestoreSwift */; };
/* End PBXBuildFile section */

/* Begin PBXContainerItemProxy section */
		866286F12BEECFEB00102FA0 /* PBXContainerItemProxy */ = {
			isa = PBXContainerItemProxy;
			containerPortal = 86A9ABED2BEEBF0300F4C7FE /* Project object */;
			proxyType = 1;
			remoteGlobalIDString = 866286EB2BEECFEB00102FA0;
			remoteInfo = OneSignalNotificationServiceExtension;
		};
/* End PBXContainerItemProxy section */

/* Begin PBXCopyFilesBuildPhase section */
		866286F72BEECFEB00102FA0 /* Embed Foundation Extensions */ = {
			isa = PBXCopyFilesBuildPhase;
			buildActionMask = 2147483647;
			dstPath = "";
			dstSubfolderSpec = 13;
			files = (
				866286F32BEECFEB00102FA0 /* OneSignalNotificationServiceExtension.appex in Embed Foundation Extensions */,
			);
			name = "Embed Foundation Extensions";
			runOnlyForDeploymentPostprocessing = 0;
		};
/* End PBXCopyFilesBuildPhase section */

/* Begin PBXFileReference section */
		86023CD32C3498770035F995 /* StoreKit.framework */ = {isa = PBXFileReference; lastKnownFileType = wrapper.framework; name = StoreKit.framework; path = System/Library/Frameworks/StoreKit.framework; sourceTree = SDKROOT; };
		866286612BEEC61200102FA0 /* Learnsy.entitlements */ = {isa = PBXFileReference; lastKnownFileType = text.plist.entitlements; path = Learnsy.entitlements; sourceTree = "<group>"; };
		866286EC2BEECFEB00102FA0 /* OneSignalNotificationServiceExtension.appex */ = {isa = PBXFileReference; explicitFileType = "wrapper.app-extension"; includeInIndex = 0; path = OneSignalNotificationServiceExtension.appex; sourceTree = BUILT_PRODUCTS_DIR; };
		866286EE2BEECFEB00102FA0 /* NotificationService.swift */ = {isa = PBXFileReference; lastKnownFileType = sourcecode.swift; path = NotificationService.swift; sourceTree = "<group>"; };
		866286F02BEECFEB00102FA0 /* Info.plist */ = {isa = PBXFileReference; lastKnownFileType = text.plist.xml; path = Info.plist; sourceTree = "<group>"; };
		866286F82BEED03C00102FA0 /* OneSignalNotificationServiceExtension.entitlements */ = {isa = PBXFileReference; lastKnownFileType = text.plist.entitlements; path = OneSignalNotificationServiceExtension.entitlements; sourceTree = "<group>"; };
		86980BDF2E54F77A00A7D9AB /* Launch Screen.storyboard */ = {isa = PBXFileReference; lastKnownFileType = file.storyboard; path = "Launch Screen.storyboard"; sourceTree = "<group>"; };
		86980BE22E550E9900A7D9AB /* JavaScriptCore.framework */ = {isa = PBXFileReference; lastKnownFileType = wrapper.framework; name = JavaScriptCore.framework; path = System/Library/Frameworks/JavaScriptCore.framework; sourceTree = SDKROOT; };
		86980BE42E550F2100A7D9AB /* GoogleService-Info.plist */ = {isa = PBXFileReference; lastKnownFileType = text.plist.xml; path = "GoogleService-Info.plist"; sourceTree = "<group>"; };
		86A9ABF52BEEBF0300F4C7FE /* Learnsy.app */ = {isa = PBXFileReference; explicitFileType = wrapper.application; includeInIndex = 0; path = Learnsy.app; sourceTree = BUILT_PRODUCTS_DIR; };
		86A9ABF82BEEBF0300F4C7FE /* LearnsyApp.swift */ = {isa = PBXFileReference; lastKnownFileType = sourcecode.swift; path = LearnsyApp.swift; sourceTree = "<group>"; };
		86A9ABFA2BEEBF0300F4C7FE /* ContentView.swift */ = {isa = PBXFileReference; lastKnownFileType = sourcecode.swift; path = ContentView.swift; sourceTree = "<group>"; };
		86A9ABFC2BEEBF0300F4C7FE /* Assets.xcassets */ = {isa = PBXFileReference; lastKnownFileType = folder.assetcatalog; path = Assets.xcassets; sourceTree = "<group>"; };
		86A9ABFF2BEEBF0300F4C7FE /* Preview Assets.xcassets */ = {isa = PBXFileReference; lastKnownFileType = folder.assetcatalog; path = "Preview Assets.xcassets"; sourceTree = "<group>"; };
		86A9AC182BEEC26000F4C7FE /* Info.plist */ = {isa = PBXFileReference; lastKnownFileType = text.plist; path = Info.plist; sourceTree = "<group>"; };
/* End PBXFileReference section */

/* Begin PBXFileSystemSynchronizedRootGroup section */
		8677A7942E58361D007DEF06 /* Model */ = {isa = PBXFileSystemSynchronizedRootGroup; explicitFileTypes = {}; explicitFolders = (); path = Model; sourceTree = "<group>"; };
		8677A7952E583622007DEF06 /* View */ = {isa = PBXFileSystemSynchronizedRootGroup; explicitFileTypes = {}; explicitFolders = (); path = View; sourceTree = "<group>"; };
		86980BE12E550D3B00A7D9AB /* ViewModel */ = {isa = PBXFileSystemSynchronizedRootGroup; explicitFileTypes = {}; explicitFolders = (); path = ViewModel; sourceTree = "<group>"; };
/* End PBXFileSystemSynchronizedRootGroup section */

/* Begin PBXFrameworksBuildPhase section */
		866286E92BEECFEB00102FA0 /* Frameworks */ = {
			isa = PBXFrameworksBuildPhase;
			buildActionMask = 2147483647;
			files = (
				862813032BEF878B003FA32E /* OneSignalExtension in Frameworks */,
			);
			runOnlyForDeploymentPostprocessing = 0;
		};
		86A9ABF22BEEBF0300F4C7FE /* Frameworks */ = {
			isa = PBXFrameworksBuildPhase;
			buildActionMask = 2147483647;
			files = (
				86980BE32E550E9900A7D9AB /* JavaScriptCore.framework in Frameworks */,
				86E186622CA03D6A00780C9E /* FirebaseMessaging in Frameworks */,
				866E49DF2CE8E1AC00CD4B5F /* GoogleMobileAds in Frameworks */,
				862813052BEF878B003FA32E /* OneSignalFramework in Frameworks */,
				865ADB262BFE16EF009CDA90 /* VideoCodecEnc in Frameworks */,
				86023CD22C3497A60035F995 /* RevenueCatUI in Frameworks */,
				86A9AC0E2BEEC12100F4C7FE /* FirebaseCrashlytics in Frameworks */,
				865ADB2D2BFE297D009CDA90 /* FirebaseFunctions in Frameworks */,
				865ADB222BFE16EF009CDA90 /* RtcBasic in Frameworks */,
				86A9AC102BEEC12100F4C7FE /* FirebaseFirestore in Frameworks */,
				86F239BE2C6E1E1800F359E4 /* FirebaseFirestoreSwift in Frameworks */,
				86A9AC172BEEC21500F4C7FE /* GoogleSignInSwift in Frameworks */,
				86A9AC0A2BEEC12100F4C7FE /* FirebaseAnalytics in Frameworks */,
				865ADB242BFE16EF009CDA90 /* VideoCodecDec in Frameworks */,
				86023CD02C3497A60035F995 /* RevenueCat in Frameworks */,
				86A9AC122BEEC12100F4C7FE /* FirebaseStorage in Frameworks */,
				86023CD42C3498770035F995 /* StoreKit.framework in Frameworks */,
				86C086A62C7F51BA00719941 /* Kingfisher in Frameworks */,
				86A9AC0C2BEEC12100F4C7FE /* FirebaseAuth in Frameworks */,
				86A9AC152BEEC21500F4C7FE /* GoogleSignIn in Frameworks */,
			);
			runOnlyForDeploymentPostprocessing = 0;
		};
/* End PBXFrameworksBuildPhase section */

/* Begin PBXGroup section */
		865ADB2B2BFE297D009CDA90 /* Frameworks */ = {
			isa = PBXGroup;
			children = (
				86980BE22E550E9900A7D9AB /* JavaScriptCore.framework */,
				86023CD32C3498770035F995 /* StoreKit.framework */,
			);
			name = Frameworks;
			sourceTree = "<group>";
		};
		866286ED2BEECFEB00102FA0 /* OneSignalNotificationServiceExtension */ = {
			isa = PBXGroup;
			children = (
				866286F82BEED03C00102FA0 /* OneSignalNotificationServiceExtension.entitlements */,
				866286EE2BEECFEB00102FA0 /* NotificationService.swift */,
				866286F02BEECFEB00102FA0 /* Info.plist */,
			);
			path = OneSignalNotificationServiceExtension;
			sourceTree = "<group>";
		};
		86A9ABEC2BEEBF0300F4C7FE = {
			isa = PBXGroup;
			children = (
				86A9ABF72BEEBF0300F4C7FE /* Learnsy */,
				866286ED2BEECFEB00102FA0 /* OneSignalNotificationServiceExtension */,
				86A9ABF62BEEBF0300F4C7FE /* Products */,
				865ADB2B2BFE297D009CDA90 /* Frameworks */,
			);
			sourceTree = "<group>";
		};
		86A9ABF62BEEBF0300F4C7FE /* Products */ = {
			isa = PBXGroup;
			children = (
				86A9ABF52BEEBF0300F4C7FE /* Learnsy.app */,
				866286EC2BEECFEB00102FA0 /* OneSignalNotificationServiceExtension.appex */,
			);
			name = Products;
			sourceTree = "<group>";
		};
		86A9ABF72BEEBF0300F4C7FE /* Learnsy */ = {
			isa = PBXGroup;
			children = (
				8677A7952E583622007DEF06 /* View */,
				8677A7942E58361D007DEF06 /* Model */,
				86980BE12E550D3B00A7D9AB /* ViewModel */,
				86A9ABF82BEEBF0300F4C7FE /* LearnsyApp.swift */,
				86A9ABFA2BEEBF0300F4C7FE /* ContentView.swift */,
				866286612BEEC61200102FA0 /* Learnsy.entitlements */,
				86A9AC182BEEC26000F4C7FE /* Info.plist */,
				86A9ABFC2BEEBF0300F4C7FE /* Assets.xcassets */,
				86980BE42E550F2100A7D9AB /* GoogleService-Info.plist */,
				86980BDF2E54F77A00A7D9AB /* Launch Screen.storyboard */,
				86A9ABFE2BEEBF0300F4C7FE /* Preview Content */,
			);
			path = Learnsy;
			sourceTree = "<group>";
		};
		86A9ABFE2BEEBF0300F4C7FE /* Preview Content */ = {
			isa = PBXGroup;
			children = (
				86A9ABFF2BEEBF0300F4C7FE /* Preview Assets.xcassets */,
			);
			path = "Preview Content";
			sourceTree = "<group>";
		};
/* End PBXGroup section */

/* Begin PBXNativeTarget section */
		866286EB2BEECFEB00102FA0 /* OneSignalNotificationServiceExtension */ = {
			isa = PBXNativeTarget;
			buildConfigurationList = 866286F42BEECFEB00102FA0 /* Build configuration list for PBXNativeTarget "OneSignalNotificationServiceExtension" */;
			buildPhases = (
				866286E82BEECFEB00102FA0 /* Sources */,
				866286E92BEECFEB00102FA0 /* Frameworks */,
				866286EA2BEECFEB00102FA0 /* Resources */,
			);
			buildRules = (
			);
			dependencies = (
			);
			name = OneSignalNotificationServiceExtension;
			packageProductDependencies = (
				862813022BEF878B003FA32E /* OneSignalExtension */,
			);
			productName = OneSignalNotificationServiceExtension;
			productReference = 866286EC2BEECFEB00102FA0 /* OneSignalNotificationServiceExtension.appex */;
			productType = "com.apple.product-type.app-extension";
		};
		86A9ABF42BEEBF0300F4C7FE /* Learnsy */ = {
			isa = PBXNativeTarget;
			buildConfigurationList = 86A9AC032BEEBF0300F4C7FE /* Build configuration list for PBXNativeTarget "Learnsy" */;
			buildPhases = (
				86A9ABF12BEEBF0300F4C7FE /* Sources */,
				86A9ABF22BEEBF0300F4C7FE /* Frameworks */,
				86A9ABF32BEEBF0300F4C7FE /* Resources */,
				866286F72BEECFEB00102FA0 /* Embed Foundation Extensions */,
				864A71AD2BEFAF8F009B44F1 /* ShellScript */,
			);
			buildRules = (
			);
			dependencies = (
				866286F22BEECFEB00102FA0 /* PBXTargetDependency */,
			);
			fileSystemSynchronizedGroups = (
				8677A7942E58361D007DEF06 /* Model */,
				8677A7952E583622007DEF06 /* View */,
				86980BE12E550D3B00A7D9AB /* ViewModel */,
			);
			name = Learnsy;
			packageProductDependencies = (
				86A9AC092BEEC12100F4C7FE /* FirebaseAnalytics */,
				86A9AC0B2BEEC12100F4C7FE /* FirebaseAuth */,
				86A9AC0D2BEEC12100F4C7FE /* FirebaseCrashlytics */,
				86A9AC0F2BEEC12100F4C7FE /* FirebaseFirestore */,
				86A9AC112BEEC12100F4C7FE /* FirebaseStorage */,
				86A9AC142BEEC21500F4C7FE /* GoogleSignIn */,
				86A9AC162BEEC21500F4C7FE /* GoogleSignInSwift */,
				862813042BEF878B003FA32E /* OneSignalFramework */,
				865ADB212BFE16EF009CDA90 /* RtcBasic */,
				865ADB232BFE16EF009CDA90 /* VideoCodecDec */,
				865ADB252BFE16EF009CDA90 /* VideoCodecEnc */,
				865ADB2C2BFE297D009CDA90 /* FirebaseFunctions */,
				86023CCF2C3497A60035F995 /* RevenueCat */,
				86023CD12C3497A60035F995 /* RevenueCatUI */,
				86F239BD2C6E1E1800F359E4 /* FirebaseFirestoreSwift */,
				86C086A52C7F51BA00719941 /* Kingfisher */,
				86E186612CA03D6A00780C9E /* FirebaseMessaging */,
				866E49DE2CE8E1AC00CD4B5F /* GoogleMobileAds */,
			);
			productName = Skillify;
			productReference = 86A9ABF52BEEBF0300F4C7FE /* Learnsy.app */;
			productType = "com.apple.product-type.application";
		};
/* End PBXNativeTarget section */

/* Begin PBXProject section */
		86A9ABED2BEEBF0300F4C7FE /* Project object */ = {
			isa = PBXProject;
			attributes = {
				BuildIndependentTargetsInParallel = 1;
				LastSwiftUpdateCheck = 1530;
				LastUpgradeCheck = 1640;
				TargetAttributes = {
					866286EB2BEECFEB00102FA0 = {
						CreatedOnToolsVersion = 15.3;
					};
					86A9ABF42BEEBF0300F4C7FE = {
						CreatedOnToolsVersion = 15.3;
					};
				};
			};
			buildConfigurationList = 86A9ABF02BEEBF0300F4C7FE /* Build configuration list for PBXProject "Learnsy" */;
			compatibilityVersion = "Xcode 14.0";
			developmentRegion = en;
			hasScannedForEncodings = 0;
			knownRegions = (
				en,
				Base,
			);
			mainGroup = 86A9ABEC2BEEBF0300F4C7FE;
			packageReferences = (
				86A9AC082BEEC12100F4C7FE /* XCRemoteSwiftPackageReference "firebase-ios-sdk" */,
				86A9AC132BEEC21500F4C7FE /* XCRemoteSwiftPackageReference "GoogleSignIn-iOS" */,
				862813012BEF878B003FA32E /* XCRemoteSwiftPackageReference "OneSignal-XCFramework" */,
				865ADB202BFE16EF009CDA90 /* XCRemoteSwiftPackageReference "AgoraRtcEngine_iOS" */,
				86023CCE2C3497A60035F995 /* XCRemoteSwiftPackageReference "purchases-ios-spm" */,
				86C086A42C7F51BA00719941 /* XCRemoteSwiftPackageReference "Kingfisher" */,
				866E49DD2CE8E1AC00CD4B5F /* XCRemoteSwiftPackageReference "swift-package-manager-google-mobile-ads" */,
			);
			productRefGroup = 86A9ABF62BEEBF0300F4C7FE /* Products */;
			projectDirPath = "";
			projectRoot = "";
			targets = (
				86A9ABF42BEEBF0300F4C7FE /* Learnsy */,
				866286EB2BEECFEB00102FA0 /* OneSignalNotificationServiceExtension */,
			);
		};
/* End PBXProject section */

/* Begin PBXResourcesBuildPhase section */
		866286EA2BEECFEB00102FA0 /* Resources */ = {
			isa = PBXResourcesBuildPhase;
			buildActionMask = 2147483647;
			files = (
			);
			runOnlyForDeploymentPostprocessing = 0;
		};
		86A9ABF32BEEBF0300F4C7FE /* Resources */ = {
			isa = PBXResourcesBuildPhase;
			buildActionMask = 2147483647;
			files = (
				86A9AC002BEEBF0300F4C7FE /* Preview Assets.xcassets in Resources */,
				86980BE52E550F2100A7D9AB /* GoogleService-Info.plist in Resources */,
				86A9ABFD2BEEBF0300F4C7FE /* Assets.xcassets in Resources */,
				86980BE02E54F77A00A7D9AB /* Launch Screen.storyboard in Resources */,
			);
			runOnlyForDeploymentPostprocessing = 0;
		};
/* End PBXResourcesBuildPhase section */

/* Begin PBXShellScriptBuildPhase section */
		864A71AD2BEFAF8F009B44F1 /* ShellScript */ = {
			isa = PBXShellScriptBuildPhase;
			buildActionMask = 2147483647;
			files = (
			);
			inputFileListPaths = (
			);
			inputPaths = (
				"${DWARF_DSYM_FOLDER_PATH}/${DWARF_DSYM_FILE_NAME}",
				"${DWARF_DSYM_FOLDER_PATH}/${DWARF_DSYM_FILE_NAME}/Contents/Resources/DWARF/${PRODUCT_NAME}",
				"${DWARF_DSYM_FOLDER_PATH}/${DWARF_DSYM_FILE_NAME}/Contents/Info.plist",
				"$(TARGET_BUILD_DIR)/$(UNLOCALIZED_RESOURCES_FOLDER_PATH)/GoogleService-Info.plist",
				"$(TARGET_BUILD_DIR)/$(EXECUTABLE_PATH)",
			);
			outputFileListPaths = (
			);
			outputPaths = (
			);
			runOnlyForDeploymentPostprocessing = 0;
			shellPath = /bin/sh;
			shellScript = "\"${BUILD_DIR%/Build/*}/SourcePackages/checkouts/firebase-ios-sdk/Crashlytics/run\"\n";
		};
/* End PBXShellScriptBuildPhase section */

/* Begin PBXSourcesBuildPhase section */
		866286E82BEECFEB00102FA0 /* Sources */ = {
			isa = PBXSourcesBuildPhase;
			buildActionMask = 2147483647;
			files = (
				866286EF2BEECFEB00102FA0 /* NotificationService.swift in Sources */,
			);
			runOnlyForDeploymentPostprocessing = 0;
		};
		86A9ABF12BEEBF0300F4C7FE /* Sources */ = {
			isa = PBXSourcesBuildPhase;
			buildActionMask = 2147483647;
			files = (
				86A9ABFB2BEEBF0300F4C7FE /* ContentView.swift in Sources */,
				86A9ABF92BEEBF0300F4C7FE /* LearnsyApp.swift in Sources */,
			);
			runOnlyForDeploymentPostprocessing = 0;
		};
/* End PBXSourcesBuildPhase section */

/* Begin PBXTargetDependency section */
		866286F22BEECFEB00102FA0 /* PBXTargetDependency */ = {
			isa = PBXTargetDependency;
			target = 866286EB2BEECFEB00102FA0 /* OneSignalNotificationServiceExtension */;
			targetProxy = 866286F12BEECFEB00102FA0 /* PBXContainerItemProxy */;
		};
/* End PBXTargetDependency section */

/* Begin XCBuildConfiguration section */
		866286F52BEECFEB00102FA0 /* Debug */ = {
			isa = XCBuildConfiguration;
			buildSettings = {
				CODE_SIGN_ENTITLEMENTS = OneSignalNotificationServiceExtension/OneSignalNotificationServiceExtension.entitlements;
				CODE_SIGN_STYLE = Automatic;
				CURRENT_PROJECT_VERSION = 1;
				GENERATE_INFOPLIST_FILE = YES;
				INFOPLIST_FILE = OneSignalNotificationServiceExtension/Info.plist;
				INFOPLIST_KEY_CFBundleDisplayName = OneSignalNotificationServiceExtension;
				INFOPLIST_KEY_NSHumanReadableCopyright = "";
				IPHONEOS_DEPLOYMENT_TARGET = 17.0;
				LD_RUNPATH_SEARCH_PATHS = (
					"$(inherited)",
					"@executable_path/Frameworks",
					"@executable_path/../../Frameworks",
				);
				MARKETING_VERSION = 1.0.1;
				PRODUCT_BUNDLE_IDENTIFIER = com.lovigin.ios.Learnsy.OneSignalNotificationServiceExtension;
				PRODUCT_NAME = "$(TARGET_NAME)";
				SKIP_INSTALL = YES;
				SUPPORTED_PLATFORMS = "iphoneos iphonesimulator";
				SUPPORTS_MACCATALYST = NO;
				SUPPORTS_MAC_DESIGNED_FOR_IPHONE_IPAD = NO;
				SUPPORTS_XR_DESIGNED_FOR_IPHONE_IPAD = NO;
				SWIFT_EMIT_LOC_STRINGS = YES;
				SWIFT_VERSION = 5.0;
				TARGETED_DEVICE_FAMILY = 1;
			};
			name = Debug;
		};
		866286F62BEECFEB00102FA0 /* Release */ = {
			isa = XCBuildConfiguration;
			buildSettings = {
				CODE_SIGN_ENTITLEMENTS = OneSignalNotificationServiceExtension/OneSignalNotificationServiceExtension.entitlements;
				CODE_SIGN_STYLE = Automatic;
				CURRENT_PROJECT_VERSION = 1;
				GENERATE_INFOPLIST_FILE = YES;
				INFOPLIST_FILE = OneSignalNotificationServiceExtension/Info.plist;
				INFOPLIST_KEY_CFBundleDisplayName = OneSignalNotificationServiceExtension;
				INFOPLIST_KEY_NSHumanReadableCopyright = "";
				IPHONEOS_DEPLOYMENT_TARGET = 17.0;
				LD_RUNPATH_SEARCH_PATHS = (
					"$(inherited)",
					"@executable_path/Frameworks",
					"@executable_path/../../Frameworks",
				);
				MARKETING_VERSION = 1.0.1;
				PRODUCT_BUNDLE_IDENTIFIER = com.lovigin.ios.Learnsy.OneSignalNotificationServiceExtension;
				PRODUCT_NAME = "$(TARGET_NAME)";
				SKIP_INSTALL = YES;
				SUPPORTED_PLATFORMS = "iphoneos iphonesimulator";
				SUPPORTS_MACCATALYST = NO;
				SUPPORTS_MAC_DESIGNED_FOR_IPHONE_IPAD = NO;
				SUPPORTS_XR_DESIGNED_FOR_IPHONE_IPAD = NO;
				SWIFT_EMIT_LOC_STRINGS = YES;
				SWIFT_VERSION = 5.0;
				TARGETED_DEVICE_FAMILY = 1;
			};
			name = Release;
		};
		86A9AC012BEEBF0300F4C7FE /* Debug */ = {
			isa = XCBuildConfiguration;
			buildSettings = {
				ALWAYS_SEARCH_USER_PATHS = NO;
				ASSETCATALOG_COMPILER_GENERATE_SWIFT_ASSET_SYMBOL_EXTENSIONS = YES;
				CLANG_ANALYZER_NONNULL = YES;
				CLANG_ANALYZER_NUMBER_OBJECT_CONVERSION = YES_AGGRESSIVE;
				CLANG_CXX_LANGUAGE_STANDARD = "gnu++20";
				CLANG_ENABLE_MODULES = YES;
				CLANG_ENABLE_OBJC_ARC = YES;
				CLANG_ENABLE_OBJC_WEAK = YES;
				CLANG_WARN_BLOCK_CAPTURE_AUTORELEASING = YES;
				CLANG_WARN_BOOL_CONVERSION = YES;
				CLANG_WARN_COMMA = YES;
				CLANG_WARN_CONSTANT_CONVERSION = YES;
				CLANG_WARN_DEPRECATED_OBJC_IMPLEMENTATIONS = YES;
				CLANG_WARN_DIRECT_OBJC_ISA_USAGE = YES_ERROR;
				CLANG_WARN_DOCUMENTATION_COMMENTS = YES;
				CLANG_WARN_EMPTY_BODY = YES;
				CLANG_WARN_ENUM_CONVERSION = YES;
				CLANG_WARN_INFINITE_RECURSION = YES;
				CLANG_WARN_INT_CONVERSION = YES;
				CLANG_WARN_NON_LITERAL_NULL_CONVERSION = YES;
				CLANG_WARN_OBJC_IMPLICIT_RETAIN_SELF = YES;
				CLANG_WARN_OBJC_LITERAL_CONVERSION = YES;
				CLANG_WARN_OBJC_ROOT_CLASS = YES_ERROR;
				CLANG_WARN_QUOTED_INCLUDE_IN_FRAMEWORK_HEADER = YES;
				CLANG_WARN_RANGE_LOOP_ANALYSIS = YES;
				CLANG_WARN_STRICT_PROTOTYPES = YES;
				CLANG_WARN_SUSPICIOUS_MOVE = YES;
				CLANG_WARN_UNGUARDED_AVAILABILITY = YES_AGGRESSIVE;
				CLANG_WARN_UNREACHABLE_CODE = YES;
				CLANG_WARN__DUPLICATE_METHOD_MATCH = YES;
				COPY_PHASE_STRIP = NO;
				DEBUG_INFORMATION_FORMAT = "dwarf-with-dsym";
				DEVELOPMENT_TEAM = ATYMLFZUQJ;
				ENABLE_STRICT_OBJC_MSGSEND = YES;
				ENABLE_TESTABILITY = YES;
				ENABLE_USER_SCRIPT_SANDBOXING = YES;
				GCC_C_LANGUAGE_STANDARD = gnu17;
				GCC_DYNAMIC_NO_PIC = NO;
				GCC_NO_COMMON_BLOCKS = YES;
				GCC_OPTIMIZATION_LEVEL = 0;
				GCC_PREPROCESSOR_DEFINITIONS = (
					"DEBUG=1",
					"$(inherited)",
				);
				GCC_WARN_64_TO_32_BIT_CONVERSION = YES;
				GCC_WARN_ABOUT_RETURN_TYPE = YES_ERROR;
				GCC_WARN_UNDECLARED_SELECTOR = YES;
				GCC_WARN_UNINITIALIZED_AUTOS = YES_AGGRESSIVE;
				GCC_WARN_UNUSED_FUNCTION = YES;
				GCC_WARN_UNUSED_VARIABLE = YES;
				IPHONEOS_DEPLOYMENT_TARGET = 17.0;
				LOCALIZATION_PREFERS_STRING_CATALOGS = YES;
				MTL_ENABLE_DEBUG_INFO = INCLUDE_SOURCE;
				MTL_FAST_MATH = YES;
				ONLY_ACTIVE_ARCH = YES;
				OTHER_LDFLAGS = "-ObjC";
				SDKROOT = iphoneos;
				SWIFT_ACTIVE_COMPILATION_CONDITIONS = "DEBUG $(inherited)";
				SWIFT_OPTIMIZATION_LEVEL = "-Onone";
			};
			name = Debug;
		};
		86A9AC022BEEBF0300F4C7FE /* Release */ = {
			isa = XCBuildConfiguration;
			buildSettings = {
				ALWAYS_SEARCH_USER_PATHS = NO;
				ASSETCATALOG_COMPILER_GENERATE_SWIFT_ASSET_SYMBOL_EXTENSIONS = YES;
				CLANG_ANALYZER_NONNULL = YES;
				CLANG_ANALYZER_NUMBER_OBJECT_CONVERSION = YES_AGGRESSIVE;
				CLANG_CXX_LANGUAGE_STANDARD = "gnu++20";
				CLANG_ENABLE_MODULES = YES;
				CLANG_ENABLE_OBJC_ARC = YES;
				CLANG_ENABLE_OBJC_WEAK = YES;
				CLANG_WARN_BLOCK_CAPTURE_AUTORELEASING = YES;
				CLANG_WARN_BOOL_CONVERSION = YES;
				CLANG_WARN_COMMA = YES;
				CLANG_WARN_CONSTANT_CONVERSION = YES;
				CLANG_WARN_DEPRECATED_OBJC_IMPLEMENTATIONS = YES;
				CLANG_WARN_DIRECT_OBJC_ISA_USAGE = YES_ERROR;
				CLANG_WARN_DOCUMENTATION_COMMENTS = YES;
				CLANG_WARN_EMPTY_BODY = YES;
				CLANG_WARN_ENUM_CONVERSION = YES;
				CLANG_WARN_INFINITE_RECURSION = YES;
				CLANG_WARN_INT_CONVERSION = YES;
				CLANG_WARN_NON_LITERAL_NULL_CONVERSION = YES;
				CLANG_WARN_OBJC_IMPLICIT_RETAIN_SELF = YES;
				CLANG_WARN_OBJC_LITERAL_CONVERSION = YES;
				CLANG_WARN_OBJC_ROOT_CLASS = YES_ERROR;
				CLANG_WARN_QUOTED_INCLUDE_IN_FRAMEWORK_HEADER = YES;
				CLANG_WARN_RANGE_LOOP_ANALYSIS = YES;
				CLANG_WARN_STRICT_PROTOTYPES = YES;
				CLANG_WARN_SUSPICIOUS_MOVE = YES;
				CLANG_WARN_UNGUARDED_AVAILABILITY = YES_AGGRESSIVE;
				CLANG_WARN_UNREACHABLE_CODE = YES;
				CLANG_WARN__DUPLICATE_METHOD_MATCH = YES;
				COPY_PHASE_STRIP = NO;
				DEBUG_INFORMATION_FORMAT = "dwarf-with-dsym";
				DEVELOPMENT_TEAM = ATYMLFZUQJ;
				ENABLE_NS_ASSERTIONS = NO;
				ENABLE_STRICT_OBJC_MSGSEND = YES;
				ENABLE_USER_SCRIPT_SANDBOXING = YES;
				GCC_C_LANGUAGE_STANDARD = gnu17;
				GCC_NO_COMMON_BLOCKS = YES;
				GCC_WARN_64_TO_32_BIT_CONVERSION = YES;
				GCC_WARN_ABOUT_RETURN_TYPE = YES_ERROR;
				GCC_WARN_UNDECLARED_SELECTOR = YES;
				GCC_WARN_UNINITIALIZED_AUTOS = YES_AGGRESSIVE;
				GCC_WARN_UNUSED_FUNCTION = YES;
				GCC_WARN_UNUSED_VARIABLE = YES;
				IPHONEOS_DEPLOYMENT_TARGET = 17.0;
				LOCALIZATION_PREFERS_STRING_CATALOGS = YES;
				MTL_ENABLE_DEBUG_INFO = NO;
				MTL_FAST_MATH = YES;
				OTHER_LDFLAGS = "-ObjC";
				SDKROOT = iphoneos;
				SWIFT_COMPILATION_MODE = wholemodule;
				VALIDATE_PRODUCT = YES;
			};
			name = Release;
		};
		86A9AC042BEEBF0300F4C7FE /* Debug */ = {
			isa = XCBuildConfiguration;
			buildSettings = {
				ASSETCATALOG_COMPILER_APPICON_NAME = AppIcon;
				ASSETCATALOG_COMPILER_GLOBAL_ACCENT_COLOR_NAME = AccentColor;
				CODE_SIGN_ENTITLEMENTS = Learnsy/Learnsy.entitlements;
				CODE_SIGN_STYLE = Automatic;
				CURRENT_PROJECT_VERSION = 2;
				DEBUG_INFORMATION_FORMAT = "dwarf-with-dsym";
				DEVELOPMENT_ASSET_PATHS = "\"Learnsy/Preview Content\"";
				ENABLE_PREVIEWS = YES;
				GENERATE_INFOPLIST_FILE = YES;
				INFOPLIST_FILE = Learnsy/Info.plist;
				INFOPLIST_KEY_CFBundleDisplayName = Learnsy;
				INFOPLIST_KEY_LSApplicationCategoryType = "public.app-category.education";
				INFOPLIST_KEY_NSCameraUsageDescription = "For making video calls";
				INFOPLIST_KEY_NSMicrophoneUsageDescription = "For audio calls and voice messages usage";
				INFOPLIST_KEY_NSPhotoLibraryAddUsageDescription = "The application requires access to a photo library to save images.";
				INFOPLIST_KEY_UIApplicationSceneManifest_Generation = YES;
				INFOPLIST_KEY_UIApplicationSupportsIndirectInputEvents = YES;
				INFOPLIST_KEY_UILaunchScreen_Generation = YES;
				INFOPLIST_KEY_UILaunchStoryboardName = "Launch Screen.storyboard";
				INFOPLIST_KEY_UISupportedInterfaceOrientations_iPad = "UIInterfaceOrientationPortrait UIInterfaceOrientationPortraitUpsideDown UIInterfaceOrientationLandscapeLeft UIInterfaceOrientationLandscapeRight";
				INFOPLIST_KEY_UISupportedInterfaceOrientations_iPhone = "UIInterfaceOrientationPortrait UIInterfaceOrientationLandscapeLeft UIInterfaceOrientationLandscapeRight";
				IPHONEOS_DEPLOYMENT_TARGET = 17.0;
				LD_RUNPATH_SEARCH_PATHS = (
					"$(inherited)",
					"@executable_path/Frameworks",
				);
				MARKETING_VERSION = 1.0.2;
				OTHER_LDFLAGS = "-ObjC";
				PRODUCT_BUNDLE_IDENTIFIER = com.lovigin.ios.Learnsy;
				PRODUCT_NAME = "$(TARGET_NAME)";
				SUPPORTED_PLATFORMS = "iphoneos iphonesimulator";
				SUPPORTS_MACCATALYST = NO;
				SUPPORTS_MAC_DESIGNED_FOR_IPHONE_IPAD = NO;
				SUPPORTS_XR_DESIGNED_FOR_IPHONE_IPAD = NO;
				SWIFT_EMIT_LOC_STRINGS = YES;
				SWIFT_VERSION = 5.0;
				TARGETED_DEVICE_FAMILY = 1;
			};
			name = Debug;
		};
		86A9AC052BEEBF0300F4C7FE /* Release */ = {
			isa = XCBuildConfiguration;
			buildSettings = {
				ASSETCATALOG_COMPILER_APPICON_NAME = AppIcon;
				ASSETCATALOG_COMPILER_GLOBAL_ACCENT_COLOR_NAME = AccentColor;
				CODE_SIGN_ENTITLEMENTS = Learnsy/Learnsy.entitlements;
				CODE_SIGN_STYLE = Automatic;
				CURRENT_PROJECT_VERSION = 2;
				DEVELOPMENT_ASSET_PATHS = "\"Learnsy/Preview Content\"";
				ENABLE_PREVIEWS = YES;
				GENERATE_INFOPLIST_FILE = YES;
				INFOPLIST_FILE = Learnsy/Info.plist;
				INFOPLIST_KEY_CFBundleDisplayName = Learnsy;
				INFOPLIST_KEY_LSApplicationCategoryType = "public.app-category.education";
				INFOPLIST_KEY_NSCameraUsageDescription = "For making video calls";
				INFOPLIST_KEY_NSMicrophoneUsageDescription = "For audio calls and voice messages usage";
				INFOPLIST_KEY_NSPhotoLibraryAddUsageDescription = "The application requires access to a photo library to save images.";
				INFOPLIST_KEY_UIApplicationSceneManifest_Generation = YES;
				INFOPLIST_KEY_UIApplicationSupportsIndirectInputEvents = YES;
				INFOPLIST_KEY_UILaunchScreen_Generation = YES;
				INFOPLIST_KEY_UILaunchStoryboardName = "Launch Screen.storyboard";
				INFOPLIST_KEY_UISupportedInterfaceOrientations_iPad = "UIInterfaceOrientationPortrait UIInterfaceOrientationPortraitUpsideDown UIInterfaceOrientationLandscapeLeft UIInterfaceOrientationLandscapeRight";
				INFOPLIST_KEY_UISupportedInterfaceOrientations_iPhone = "UIInterfaceOrientationPortrait UIInterfaceOrientationLandscapeLeft UIInterfaceOrientationLandscapeRight";
				IPHONEOS_DEPLOYMENT_TARGET = 17.0;
				LD_RUNPATH_SEARCH_PATHS = (
					"$(inherited)",
					"@executable_path/Frameworks",
				);
				MARKETING_VERSION = 1.0.2;
				OTHER_LDFLAGS = "-ObjC";
				PRODUCT_BUNDLE_IDENTIFIER = com.lovigin.ios.Learnsy;
				PRODUCT_NAME = "$(TARGET_NAME)";
				SUPPORTED_PLATFORMS = "iphoneos iphonesimulator";
				SUPPORTS_MACCATALYST = NO;
				SUPPORTS_MAC_DESIGNED_FOR_IPHONE_IPAD = NO;
				SUPPORTS_XR_DESIGNED_FOR_IPHONE_IPAD = NO;
				SWIFT_EMIT_LOC_STRINGS = YES;
				SWIFT_VERSION = 5.0;
				TARGETED_DEVICE_FAMILY = 1;
			};
			name = Release;
		};
/* End XCBuildConfiguration section */

/* Begin XCConfigurationList section */
		866286F42BEECFEB00102FA0 /* Build configuration list for PBXNativeTarget "OneSignalNotificationServiceExtension" */ = {
			isa = XCConfigurationList;
			buildConfigurations = (
				866286F52BEECFEB00102FA0 /* Debug */,
				866286F62BEECFEB00102FA0 /* Release */,
			);
			defaultConfigurationIsVisible = 0;
			defaultConfigurationName = Release;
		};
		86A9ABF02BEEBF0300F4C7FE /* Build configuration list for PBXProject "Learnsy" */ = {
			isa = XCConfigurationList;
			buildConfigurations = (
				86A9AC012BEEBF0300F4C7FE /* Debug */,
				86A9AC022BEEBF0300F4C7FE /* Release */,
			);
			defaultConfigurationIsVisible = 0;
			defaultConfigurationName = Release;
		};
		86A9AC032BEEBF0300F4C7FE /* Build configuration list for PBXNativeTarget "Learnsy" */ = {
			isa = XCConfigurationList;
			buildConfigurations = (
				86A9AC042BEEBF0300F4C7FE /* Debug */,
				86A9AC052BEEBF0300F4C7FE /* Release */,
			);
			defaultConfigurationIsVisible = 0;
			defaultConfigurationName = Release;
		};
/* End XCConfigurationList section */

/* Begin XCRemoteSwiftPackageReference section */
		86023CCE2C3497A60035F995 /* XCRemoteSwiftPackageReference "purchases-ios-spm" */ = {
			isa = XCRemoteSwiftPackageReference;
			repositoryURL = "https://github.com/RevenueCat/purchases-ios-spm.git";
			requirement = {
				kind = upToNextMajorVersion;
				minimumVersion = 5.0.0;
			};
		};
		862813012BEF878B003FA32E /* XCRemoteSwiftPackageReference "OneSignal-XCFramework" */ = {
			isa = XCRemoteSwiftPackageReference;
			repositoryURL = "https://github.com/OneSignal/OneSignal-XCFramework.git";
			requirement = {
				kind = upToNextMajorVersion;
				minimumVersion = 5.2.0;
			};
		};
		865ADB202BFE16EF009CDA90 /* XCRemoteSwiftPackageReference "AgoraRtcEngine_iOS" */ = {
			isa = XCRemoteSwiftPackageReference;
			repositoryURL = "https://github.com/AgoraIO/AgoraRtcEngine_iOS.git";
			requirement = {
				kind = upToNextMajorVersion;
				minimumVersion = 4.3.1;
			};
		};
		866E49DD2CE8E1AC00CD4B5F /* XCRemoteSwiftPackageReference "swift-package-manager-google-mobile-ads" */ = {
			isa = XCRemoteSwiftPackageReference;
			repositoryURL = "https://github.com/googleads/swift-package-manager-google-mobile-ads.git";
			requirement = {
				kind = upToNextMajorVersion;
				minimumVersion = 11.2.0;
			};
		};
		86A9AC082BEEC12100F4C7FE /* XCRemoteSwiftPackageReference "firebase-ios-sdk" */ = {
			isa = XCRemoteSwiftPackageReference;
			repositoryURL = "https://github.com/firebase/firebase-ios-sdk";
			requirement = {
				kind = upToNextMajorVersion;
				minimumVersion = 10.25.0;
			};
		};
		86A9AC132BEEC21500F4C7FE /* XCRemoteSwiftPackageReference "GoogleSignIn-iOS" */ = {
			isa = XCRemoteSwiftPackageReference;
			repositoryURL = "https://github.com/google/GoogleSignIn-iOS";
			requirement = {
				kind = upToNextMajorVersion;
				minimumVersion = 7.1.0;
			};
		};
		86C086A42C7F51BA00719941 /* XCRemoteSwiftPackageReference "Kingfisher" */ = {
			isa = XCRemoteSwiftPackageReference;
			repositoryURL = "https://github.com/onevcat/Kingfisher.git";
			requirement = {
				kind = upToNextMajorVersion;
				minimumVersion = 7.12.0;
			};
		};
/* End XCRemoteSwiftPackageReference section */

/* Begin XCSwiftPackageProductDependency section */
		86023CCF2C3497A60035F995 /* RevenueCat */ = {
			isa = XCSwiftPackageProductDependency;
			package = 86023CCE2C3497A60035F995 /* XCRemoteSwiftPackageReference "purchases-ios-spm" */;
			productName = RevenueCat;
		};
		86023CD12C3497A60035F995 /* RevenueCatUI */ = {
			isa = XCSwiftPackageProductDependency;
			package = 86023CCE2C3497A60035F995 /* XCRemoteSwiftPackageReference "purchases-ios-spm" */;
			productName = RevenueCatUI;
		};
		862813022BEF878B003FA32E /* OneSignalExtension */ = {
			isa = XCSwiftPackageProductDependency;
			package = 862813012BEF878B003FA32E /* XCRemoteSwiftPackageReference "OneSignal-XCFramework" */;
			productName = OneSignalExtension;
		};
		862813042BEF878B003FA32E /* OneSignalFramework */ = {
			isa = XCSwiftPackageProductDependency;
			package = 862813012BEF878B003FA32E /* XCRemoteSwiftPackageReference "OneSignal-XCFramework" */;
			productName = OneSignalFramework;
		};
		865ADB212BFE16EF009CDA90 /* RtcBasic */ = {
			isa = XCSwiftPackageProductDependency;
			package = 865ADB202BFE16EF009CDA90 /* XCRemoteSwiftPackageReference "AgoraRtcEngine_iOS" */;
			productName = RtcBasic;
		};
		865ADB232BFE16EF009CDA90 /* VideoCodecDec */ = {
			isa = XCSwiftPackageProductDependency;
			package = 865ADB202BFE16EF009CDA90 /* XCRemoteSwiftPackageReference "AgoraRtcEngine_iOS" */;
			productName = VideoCodecDec;
		};
		865ADB252BFE16EF009CDA90 /* VideoCodecEnc */ = {
			isa = XCSwiftPackageProductDependency;
			package = 865ADB202BFE16EF009CDA90 /* XCRemoteSwiftPackageReference "AgoraRtcEngine_iOS" */;
			productName = VideoCodecEnc;
		};
		865ADB2C2BFE297D009CDA90 /* FirebaseFunctions */ = {
			isa = XCSwiftPackageProductDependency;
			package = 86A9AC082BEEC12100F4C7FE /* XCRemoteSwiftPackageReference "firebase-ios-sdk" */;
			productName = FirebaseFunctions;
		};
		866E49DE2CE8E1AC00CD4B5F /* GoogleMobileAds */ = {
			isa = XCSwiftPackageProductDependency;
			package = 866E49DD2CE8E1AC00CD4B5F /* XCRemoteSwiftPackageReference "swift-package-manager-google-mobile-ads" */;
			productName = GoogleMobileAds;
		};
		86A9AC092BEEC12100F4C7FE /* FirebaseAnalytics */ = {
			isa = XCSwiftPackageProductDependency;
			package = 86A9AC082BEEC12100F4C7FE /* XCRemoteSwiftPackageReference "firebase-ios-sdk" */;
			productName = FirebaseAnalytics;
		};
		86A9AC0B2BEEC12100F4C7FE /* FirebaseAuth */ = {
			isa = XCSwiftPackageProductDependency;
			package = 86A9AC082BEEC12100F4C7FE /* XCRemoteSwiftPackageReference "firebase-ios-sdk" */;
			productName = FirebaseAuth;
		};
		86A9AC0D2BEEC12100F4C7FE /* FirebaseCrashlytics */ = {
			isa = XCSwiftPackageProductDependency;
			package = 86A9AC082BEEC12100F4C7FE /* XCRemoteSwiftPackageReference "firebase-ios-sdk" */;
			productName = FirebaseCrashlytics;
		};
		86A9AC0F2BEEC12100F4C7FE /* FirebaseFirestore */ = {
			isa = XCSwiftPackageProductDependency;
			package = 86A9AC082BEEC12100F4C7FE /* XCRemoteSwiftPackageReference "firebase-ios-sdk" */;
			productName = FirebaseFirestore;
		};
		86A9AC112BEEC12100F4C7FE /* FirebaseStorage */ = {
			isa = XCSwiftPackageProductDependency;
			package = 86A9AC082BEEC12100F4C7FE /* XCRemoteSwiftPackageReference "firebase-ios-sdk" */;
			productName = FirebaseStorage;
		};
		86A9AC142BEEC21500F4C7FE /* GoogleSignIn */ = {
			isa = XCSwiftPackageProductDependency;
			package = 86A9AC132BEEC21500F4C7FE /* XCRemoteSwiftPackageReference "GoogleSignIn-iOS" */;
			productName = GoogleSignIn;
		};
		86A9AC162BEEC21500F4C7FE /* GoogleSignInSwift */ = {
			isa = XCSwiftPackageProductDependency;
			package = 86A9AC132BEEC21500F4C7FE /* XCRemoteSwiftPackageReference "GoogleSignIn-iOS" */;
			productName = GoogleSignInSwift;
		};
		86C086A52C7F51BA00719941 /* Kingfisher */ = {
			isa = XCSwiftPackageProductDependency;
			package = 86C086A42C7F51BA00719941 /* XCRemoteSwiftPackageReference "Kingfisher" */;
			productName = Kingfisher;
		};
		86E186612CA03D6A00780C9E /* FirebaseMessaging */ = {
			isa = XCSwiftPackageProductDependency;
			package = 86A9AC082BEEC12100F4C7FE /* XCRemoteSwiftPackageReference "firebase-ios-sdk" */;
			productName = FirebaseMessaging;
		};
		86F239BD2C6E1E1800F359E4 /* FirebaseFirestoreSwift */ = {
			isa = XCSwiftPackageProductDependency;
			package = 86A9AC082BEEC12100F4C7FE /* XCRemoteSwiftPackageReference "firebase-ios-sdk" */;
			productName = FirebaseFirestoreSwift;
		};
/* End XCSwiftPackageProductDependency section */
	};
	rootObject = 86A9ABED2BEEBF0300F4C7FE /* Project object */;
}
