// !$*UTF8*$!
{
	archiveVersion = 1;
	classes = {
	};
	objectVersion = 70;
	objects = {

/* Begin PBXBuildFile section */
		860405F32E7878880048A396 /* OIDCClient.swift in Sources */ = {isa = PBXBuildFile; fileRef = 860405F22E7878880048A396 /* OIDCClient.swift */; };
		860406872E79E30C0048A396 /* AuthManager.swift in Sources */ = {isa = PBXBuildFile; fileRef = 860406862E79E30C0048A396 /* AuthManager.swift */; };
		866286652BEECA7500102FA0 /* Launch Screen.storyboard in Resources */ = {isa = PBXBuildFile; fileRef = 866286642BEECA7500102FA0 /* Launch Screen.storyboard */; };
		86A9ABF92BEEBF0300F4C7FE /* SkillifyApp.swift in Sources */ = {isa = PBXBuildFile; fileRef = 86A9ABF82BEEBF0300F4C7FE /* SkillifyApp.swift */; };
		86A9ABFB2BEEBF0300F4C7FE /* ContentView.swift in Sources */ = {isa = PBXBuildFile; fileRef = 86A9ABFA2BEEBF0300F4C7FE /* ContentView.swift */; };
		86A9ABFD2BEEBF0300F4C7FE /* Assets.xcassets in Resources */ = {isa = PBXBuildFile; fileRef = 86A9ABFC2BEEBF0300F4C7FE /* Assets.xcassets */; };
		86A9AC002BEEBF0300F4C7FE /* Preview Assets.xcassets in Resources */ = {isa = PBXBuildFile; fileRef = 86A9ABFF2BEEBF0300F4C7FE /* Preview Assets.xcassets */; };
		86B3A0622E92C81100D9D631 /* KeychainTokenStore.swift in Sources */ = {isa = PBXBuildFile; fileRef = 86B3A0612E92C81100D9D631 /* KeychainTokenStore.swift */; };
/* End PBXBuildFile section */

/* Begin PBXCopyFilesBuildPhase section */
		866286F72BEECFEB00102FA0 /* Embed Foundation Extensions */ = {
			isa = PBXCopyFilesBuildPhase;
			buildActionMask = 2147483647;
			dstPath = "";
			dstSubfolderSpec = 13;
			files = (
			);
			name = "Embed Foundation Extensions";
			runOnlyForDeploymentPostprocessing = 0;
		};
/* End PBXCopyFilesBuildPhase section */

/* Begin PBXFileReference section */
		860405F22E7878880048A396 /* OIDCClient.swift */ = {isa = PBXFileReference; lastKnownFileType = sourcecode.swift; path = OIDCClient.swift; sourceTree = "<group>"; };
		860406862E79E30C0048A396 /* AuthManager.swift */ = {isa = PBXFileReference; lastKnownFileType = sourcecode.swift; path = AuthManager.swift; sourceTree = "<group>"; };
		866286612BEEC61200102FA0 /* Skillify.entitlements */ = {isa = PBXFileReference; lastKnownFileType = text.plist.entitlements; path = Skillify.entitlements; sourceTree = "<group>"; };
		866286642BEECA7500102FA0 /* Launch Screen.storyboard */ = {isa = PBXFileReference; fileEncoding = 4; lastKnownFileType = file.storyboard; path = "Launch Screen.storyboard"; sourceTree = "<group>"; };
		86A9ABF52BEEBF0300F4C7FE /* Skillify.app */ = {isa = PBXFileReference; explicitFileType = wrapper.application; includeInIndex = 0; path = Skillify.app; sourceTree = BUILT_PRODUCTS_DIR; };
		86A9ABF82BEEBF0300F4C7FE /* SkillifyApp.swift */ = {isa = PBXFileReference; lastKnownFileType = sourcecode.swift; path = SkillifyApp.swift; sourceTree = "<group>"; };
		86A9ABFA2BEEBF0300F4C7FE /* ContentView.swift */ = {isa = PBXFileReference; lastKnownFileType = sourcecode.swift; path = ContentView.swift; sourceTree = "<group>"; };
		86A9ABFC2BEEBF0300F4C7FE /* Assets.xcassets */ = {isa = PBXFileReference; lastKnownFileType = folder.assetcatalog; path = Assets.xcassets; sourceTree = "<group>"; };
		86A9ABFF2BEEBF0300F4C7FE /* Preview Assets.xcassets */ = {isa = PBXFileReference; lastKnownFileType = folder.assetcatalog; path = "Preview Assets.xcassets"; sourceTree = "<group>"; };
		86A9AC182BEEC26000F4C7FE /* Info.plist */ = {isa = PBXFileReference; lastKnownFileType = text.plist; path = Info.plist; sourceTree = "<group>"; };
		86B3A0612E92C81100D9D631 /* KeychainTokenStore.swift */ = {isa = PBXFileReference; lastKnownFileType = sourcecode.swift; path = KeychainTokenStore.swift; sourceTree = "<group>"; };
/* End PBXFileReference section */

/* Begin PBXFileSystemSynchronizedRootGroup section */
		862CD2D82E83103F00F543C4 /* ViewModels */ = {isa = PBXFileSystemSynchronizedRootGroup; explicitFileTypes = {}; explicitFolders = (); path = ViewModels; sourceTree = "<group>"; };
		869A68F32E9419D500BC7E72 /* Helpers */ = {isa = PBXFileSystemSynchronizedRootGroup; explicitFileTypes = {}; explicitFolders = (); path = Helpers; sourceTree = "<group>"; };
		86FF9A332E831A0000B6F7ED /* Views */ = {isa = PBXFileSystemSynchronizedRootGroup; explicitFileTypes = {}; explicitFolders = (); path = Views; sourceTree = "<group>"; };
		86FF9A3B2E83252900B6F7ED /* Models */ = {isa = PBXFileSystemSynchronizedRootGroup; explicitFileTypes = {}; explicitFolders = (); path = Models; sourceTree = "<group>"; };
/* End PBXFileSystemSynchronizedRootGroup section */

/* Begin PBXFrameworksBuildPhase section */
		86A9ABF22BEEBF0300F4C7FE /* Frameworks */ = {
			isa = PBXFrameworksBuildPhase;
			buildActionMask = 2147483647;
			files = (
			);
			runOnlyForDeploymentPostprocessing = 0;
		};
/* End PBXFrameworksBuildPhase section */

/* Begin PBXGroup section */
		860405F12E78787F0048A396 /* Services */ = {
			isa = PBXGroup;
			children = (
				860405F22E7878880048A396 /* OIDCClient.swift */,
			);
			path = Services;
			sourceTree = "<group>";
		};
		860406822E79E2EB0048A396 /* Store */ = {
			isa = PBXGroup;
			children = (
				86B3A0612E92C81100D9D631 /* KeychainTokenStore.swift */,
			);
			path = Store;
			sourceTree = "<group>";
		};
		860406852E79E3050048A396 /* Managers */ = {
			isa = PBXGroup;
			children = (
				860406862E79E30C0048A396 /* AuthManager.swift */,
			);
			path = Managers;
			sourceTree = "<group>";
		};
		865ADB2B2BFE297D009CDA90 /* Frameworks */ = {
			isa = PBXGroup;
			children = (
			);
			name = Frameworks;
			sourceTree = "<group>";
		};
		86A9ABEC2BEEBF0300F4C7FE = {
			isa = PBXGroup;
			children = (
				86A9ABF72BEEBF0300F4C7FE /* Skillify */,
				86A9ABF62BEEBF0300F4C7FE /* Products */,
				865ADB2B2BFE297D009CDA90 /* Frameworks */,
			);
			sourceTree = "<group>";
		};
		86A9ABF62BEEBF0300F4C7FE /* Products */ = {
			isa = PBXGroup;
			children = (
				86A9ABF52BEEBF0300F4C7FE /* Skillify.app */,
			);
			name = Products;
			sourceTree = "<group>";
		};
		86A9ABF72BEEBF0300F4C7FE /* Skillify */ = {
			isa = PBXGroup;
			children = (
				869A68F32E9419D500BC7E72 /* Helpers */,
				86FF9A3B2E83252900B6F7ED /* Models */,
				86FF9A332E831A0000B6F7ED /* Views */,
				862CD2D82E83103F00F543C4 /* ViewModels */,
				860406852E79E3050048A396 /* Managers */,
				860406822E79E2EB0048A396 /* Store */,
				860405F12E78787F0048A396 /* Services */,
				86A9ABF82BEEBF0300F4C7FE /* SkillifyApp.swift */,
				86A9ABFA2BEEBF0300F4C7FE /* ContentView.swift */,
				866286612BEEC61200102FA0 /* Skillify.entitlements */,
				86A9AC182BEEC26000F4C7FE /* Info.plist */,
				86A9ABFC2BEEBF0300F4C7FE /* Assets.xcassets */,
				866286642BEECA7500102FA0 /* Launch Screen.storyboard */,
				86A9ABFE2BEEBF0300F4C7FE /* Preview Content */,
			);
			path = Skillify;
			sourceTree = "<group>";
		};
		86A9ABFE2BEEBF0300F4C7FE /* Preview Content */ = {
			isa = PBXGroup;
			children = (
				86A9ABFF2BEEBF0300F4C7FE /* Preview Assets.xcassets */,
			);
			path = "Preview Content";
			sourceTree = "<group>";
		};
/* End PBXGroup section */

/* Begin PBXNativeTarget section */
		86A9ABF42BEEBF0300F4C7FE /* Skillify */ = {
			isa = PBXNativeTarget;
			buildConfigurationList = 86A9AC032BEEBF0300F4C7FE /* Build configuration list for PBXNativeTarget "Skillify" */;
			buildPhases = (
				86A9ABF12BEEBF0300F4C7FE /* Sources */,
				86A9ABF22BEEBF0300F4C7FE /* Frameworks */,
				86A9ABF32BEEBF0300F4C7FE /* Resources */,
				866286F72BEECFEB00102FA0 /* Embed Foundation Extensions */,
			);
			buildRules = (
			);
			dependencies = (
			);
			fileSystemSynchronizedGroups = (
				862CD2D82E83103F00F543C4 /* ViewModels */,
				869A68F32E9419D500BC7E72 /* Helpers */,
				86FF9A332E831A0000B6F7ED /* Views */,
				86FF9A3B2E83252900B6F7ED /* Models */,
			);
			name = Skillify;
			packageProductDependencies = (
			);
			productName = Skillify;
			productReference = 86A9ABF52BEEBF0300F4C7FE /* Skillify.app */;
			productType = "com.apple.product-type.application";
		};
/* End PBXNativeTarget section */

/* Begin PBXProject section */
		86A9ABED2BEEBF0300F4C7FE /* Project object */ = {
			isa = PBXProject;
			attributes = {
				BuildIndependentTargetsInParallel = 1;
				LastSwiftUpdateCheck = 1530;
				LastUpgradeCheck = 1600;
				TargetAttributes = {
					86A9ABF42BEEBF0300F4C7FE = {
						CreatedOnToolsVersion = 15.3;
					};
				};
			};
			buildConfigurationList = 86A9ABF02BEEBF0300F4C7FE /* Build configuration list for PBXProject "Skillify" */;
			compatibilityVersion = "Xcode 14.0";
			developmentRegion = en;
			hasScannedForEncodings = 0;
			knownRegions = (
				en,
				Base,
			);
			mainGroup = 86A9ABEC2BEEBF0300F4C7FE;
			packageReferences = (
			);
			productRefGroup = 86A9ABF62BEEBF0300F4C7FE /* Products */;
			projectDirPath = "";
			projectRoot = "";
			targets = (
				86A9ABF42BEEBF0300F4C7FE /* Skillify */,
			);
		};
/* End PBXProject section */

/* Begin PBXResourcesBuildPhase section */
		86A9ABF32BEEBF0300F4C7FE /* Resources */ = {
			isa = PBXResourcesBuildPhase;
			buildActionMask = 2147483647;
			files = (
				86A9AC002BEEBF0300F4C7FE /* Preview Assets.xcassets in Resources */,
				86A9ABFD2BEEBF0300F4C7FE /* Assets.xcassets in Resources */,
				866286652BEECA7500102FA0 /* Launch Screen.storyboard in Resources */,
			);
			runOnlyForDeploymentPostprocessing = 0;
		};
/* End PBXResourcesBuildPhase section */

/* Begin PBXSourcesBuildPhase section */
		86A9ABF12BEEBF0300F4C7FE /* Sources */ = {
			isa = PBXSourcesBuildPhase;
			buildActionMask = 2147483647;
			files = (
				860406872E79E30C0048A396 /* AuthManager.swift in Sources */,
				860405F32E7878880048A396 /* OIDCClient.swift in Sources */,
				86A9ABFB2BEEBF0300F4C7FE /* ContentView.swift in Sources */,
				86B3A0622E92C81100D9D631 /* KeychainTokenStore.swift in Sources */,
				86A9ABF92BEEBF0300F4C7FE /* SkillifyApp.swift in Sources */,
			);
			runOnlyForDeploymentPostprocessing = 0;
		};
/* End PBXSourcesBuildPhase section */

/* Begin XCBuildConfiguration section */
		86A9AC012BEEBF0300F4C7FE /* Debug */ = {
			isa = XCBuildConfiguration;
			buildSettings = {
				ALWAYS_SEARCH_USER_PATHS = NO;
				ASSETCATALOG_COMPILER_GENERATE_SWIFT_ASSET_SYMBOL_EXTENSIONS = YES;
				CLANG_ANALYZER_NONNULL = YES;
				CLANG_ANALYZER_NUMBER_OBJECT_CONVERSION = YES_AGGRESSIVE;
				CLANG_CXX_LANGUAGE_STANDARD = "gnu++20";
				CLANG_ENABLE_MODULES = YES;
				CLANG_ENABLE_OBJC_ARC = YES;
				CLANG_ENABLE_OBJC_WEAK = YES;
				CLANG_WARN_BLOCK_CAPTURE_AUTORELEASING = YES;
				CLANG_WARN_BOOL_CONVERSION = YES;
				CLANG_WARN_COMMA = YES;
				CLANG_WARN_CONSTANT_CONVERSION = YES;
				CLANG_WARN_DEPRECATED_OBJC_IMPLEMENTATIONS = YES;
				CLANG_WARN_DIRECT_OBJC_ISA_USAGE = YES_ERROR;
				CLANG_WARN_DOCUMENTATION_COMMENTS = YES;
				CLANG_WARN_EMPTY_BODY = YES;
				CLANG_WARN_ENUM_CONVERSION = YES;
				CLANG_WARN_INFINITE_RECURSION = YES;
				CLANG_WARN_INT_CONVERSION = YES;
				CLANG_WARN_NON_LITERAL_NULL_CONVERSION = YES;
				CLANG_WARN_OBJC_IMPLICIT_RETAIN_SELF = YES;
				CLANG_WARN_OBJC_LITERAL_CONVERSION = YES;
				CLANG_WARN_OBJC_ROOT_CLASS = YES_ERROR;
				CLANG_WARN_QUOTED_INCLUDE_IN_FRAMEWORK_HEADER = YES;
				CLANG_WARN_RANGE_LOOP_ANALYSIS = YES;
				CLANG_WARN_STRICT_PROTOTYPES = YES;
				CLANG_WARN_SUSPICIOUS_MOVE = YES;
				CLANG_WARN_UNGUARDED_AVAILABILITY = YES_AGGRESSIVE;
				CLANG_WARN_UNREACHABLE_CODE = YES;
				CLANG_WARN__DUPLICATE_METHOD_MATCH = YES;
				COPY_PHASE_STRIP = NO;
				DEBUG_INFORMATION_FORMAT = "dwarf-with-dsym";
				ENABLE_STRICT_OBJC_MSGSEND = YES;
				ENABLE_TESTABILITY = YES;
				ENABLE_USER_SCRIPT_SANDBOXING = YES;
				GCC_C_LANGUAGE_STANDARD = gnu17;
				GCC_DYNAMIC_NO_PIC = NO;
				GCC_NO_COMMON_BLOCKS = YES;
				GCC_OPTIMIZATION_LEVEL = 0;
				GCC_PREPROCESSOR_DEFINITIONS = (
					"DEBUG=1",
					"$(inherited)",
				);
				GCC_WARN_64_TO_32_BIT_CONVERSION = YES;
				GCC_WARN_ABOUT_RETURN_TYPE = YES_ERROR;
				GCC_WARN_UNDECLARED_SELECTOR = YES;
				GCC_WARN_UNINITIALIZED_AUTOS = YES_AGGRESSIVE;
				GCC_WARN_UNUSED_FUNCTION = YES;
				GCC_WARN_UNUSED_VARIABLE = YES;
				IPHONEOS_DEPLOYMENT_TARGET = 17.0;
				LOCALIZATION_PREFERS_STRING_CATALOGS = YES;
				MTL_ENABLE_DEBUG_INFO = INCLUDE_SOURCE;
				MTL_FAST_MATH = YES;
				ONLY_ACTIVE_ARCH = YES;
				OTHER_LDFLAGS = "-ObjC";
				SDKROOT = iphoneos;
				SWIFT_ACTIVE_COMPILATION_CONDITIONS = "DEBUG $(inherited)";
				SWIFT_OPTIMIZATION_LEVEL = "-Onone";
			};
			name = Debug;
		};
		86A9AC022BEEBF0300F4C7FE /* Release */ = {
			isa = XCBuildConfiguration;
			buildSettings = {
				ALWAYS_SEARCH_USER_PATHS = NO;
				ASSETCATALOG_COMPILER_GENERATE_SWIFT_ASSET_SYMBOL_EXTENSIONS = YES;
				CLANG_ANALYZER_NONNULL = YES;
				CLANG_ANALYZER_NUMBER_OBJECT_CONVERSION = YES_AGGRESSIVE;
				CLANG_CXX_LANGUAGE_STANDARD = "gnu++20";
				CLANG_ENABLE_MODULES = YES;
				CLANG_ENABLE_OBJC_ARC = YES;
				CLANG_ENABLE_OBJC_WEAK = YES;
				CLANG_WARN_BLOCK_CAPTURE_AUTORELEASING = YES;
				CLANG_WARN_BOOL_CONVERSION = YES;
				CLANG_WARN_COMMA = YES;
				CLANG_WARN_CONSTANT_CONVERSION = YES;
				CLANG_WARN_DEPRECATED_OBJC_IMPLEMENTATIONS = YES;
				CLANG_WARN_DIRECT_OBJC_ISA_USAGE = YES_ERROR;
				CLANG_WARN_DOCUMENTATION_COMMENTS = YES;
				CLANG_WARN_EMPTY_BODY = YES;
				CLANG_WARN_ENUM_CONVERSION = YES;
				CLANG_WARN_INFINITE_RECURSION = YES;
				CLANG_WARN_INT_CONVERSION = YES;
				CLANG_WARN_NON_LITERAL_NULL_CONVERSION = YES;
				CLANG_WARN_OBJC_IMPLICIT_RETAIN_SELF = YES;
				CLANG_WARN_OBJC_LITERAL_CONVERSION = YES;
				CLANG_WARN_OBJC_ROOT_CLASS = YES_ERROR;
				CLANG_WARN_QUOTED_INCLUDE_IN_FRAMEWORK_HEADER = YES;
				CLANG_WARN_RANGE_LOOP_ANALYSIS = YES;
				CLANG_WARN_STRICT_PROTOTYPES = YES;
				CLANG_WARN_SUSPICIOUS_MOVE = YES;
				CLANG_WARN_UNGUARDED_AVAILABILITY = YES_AGGRESSIVE;
				CLANG_WARN_UNREACHABLE_CODE = YES;
				CLANG_WARN__DUPLICATE_METHOD_MATCH = YES;
				COPY_PHASE_STRIP = NO;
				DEBUG_INFORMATION_FORMAT = "dwarf-with-dsym";
				ENABLE_NS_ASSERTIONS = NO;
				ENABLE_STRICT_OBJC_MSGSEND = YES;
				ENABLE_USER_SCRIPT_SANDBOXING = YES;
				GCC_C_LANGUAGE_STANDARD = gnu17;
				GCC_NO_COMMON_BLOCKS = YES;
				GCC_WARN_64_TO_32_BIT_CONVERSION = YES;
				GCC_WARN_ABOUT_RETURN_TYPE = YES_ERROR;
				GCC_WARN_UNDECLARED_SELECTOR = YES;
				GCC_WARN_UNINITIALIZED_AUTOS = YES_AGGRESSIVE;
				GCC_WARN_UNUSED_FUNCTION = YES;
				GCC_WARN_UNUSED_VARIABLE = YES;
				IPHONEOS_DEPLOYMENT_TARGET = 17.0;
				LOCALIZATION_PREFERS_STRING_CATALOGS = YES;
				MTL_ENABLE_DEBUG_INFO = NO;
				MTL_FAST_MATH = YES;
				OTHER_LDFLAGS = "-ObjC";
				SDKROOT = iphoneos;
				SWIFT_COMPILATION_MODE = wholemodule;
				VALIDATE_PRODUCT = YES;
			};
			name = Release;
		};
		86A9AC042BEEBF0300F4C7FE /* Debug */ = {
			isa = XCBuildConfiguration;
			buildSettings = {
				ASSETCATALOG_COMPILER_APPICON_NAME = AppIcon;
				ASSETCATALOG_COMPILER_GLOBAL_ACCENT_COLOR_NAME = AccentColor;
				CODE_SIGN_ENTITLEMENTS = Skillify/Skillify.entitlements;
				CODE_SIGN_STYLE = Automatic;
				CURRENT_PROJECT_VERSION = 69;
				DEBUG_INFORMATION_FORMAT = "dwarf-with-dsym";
				DEVELOPMENT_ASSET_PATHS = "\"Skillify/Preview Content\"";
				DEVELOPMENT_TEAM = ATYMLFZUQJ;
				ENABLE_PREVIEWS = YES;
				GENERATE_INFOPLIST_FILE = YES;
				INFOPLIST_FILE = Skillify/Info.plist;
				INFOPLIST_KEY_CFBundleDisplayName = Learnsy;
				INFOPLIST_KEY_LSApplicationCategoryType = "public.app-category.education";
				INFOPLIST_KEY_NSPhotoLibraryUsageDescription = "The application requires access to a photo library to save images.";
				INFOPLIST_KEY_UIApplicationSceneManifest_Generation = YES;
				INFOPLIST_KEY_UIApplicationSupportsIndirectInputEvents = YES;
				INFOPLIST_KEY_UILaunchScreen_Generation = YES;
				INFOPLIST_KEY_UILaunchStoryboardName = "Launch Screen.storyboard";
				INFOPLIST_KEY_UISupportedInterfaceOrientations_iPad = "UIInterfaceOrientationPortrait UIInterfaceOrientationPortraitUpsideDown UIInterfaceOrientationLandscapeLeft UIInterfaceOrientationLandscapeRight";
				INFOPLIST_KEY_UISupportedInterfaceOrientations_iPhone = "UIInterfaceOrientationPortrait UIInterfaceOrientationLandscapeLeft UIInterfaceOrientationLandscapeRight";
				IPHONEOS_DEPLOYMENT_TARGET = 17.0;
				LD_RUNPATH_SEARCH_PATHS = (
					"$(inherited)",
					"@executable_path/Frameworks",
				);
				MARKETING_VERSION = 1.6.9;
				OTHER_LDFLAGS = "-ObjC";
				PRODUCT_BUNDLE_IDENTIFIER = com.lovigin.ios.Skillify;
				PRODUCT_NAME = "$(TARGET_NAME)";
				SUPPORTED_PLATFORMS = "iphoneos iphonesimulator";
				SUPPORTS_MACCATALYST = NO;
				SUPPORTS_MAC_DESIGNED_FOR_IPHONE_IPAD = YES;
				SUPPORTS_XR_DESIGNED_FOR_IPHONE_IPAD = NO;
				SWIFT_EMIT_LOC_STRINGS = YES;
				SWIFT_VERSION = 5.0;
				TARGETED_DEVICE_FAMILY = 1;
			};
			name = Debug;
		};
		86A9AC052BEEBF0300F4C7FE /* Release */ = {
			isa = XCBuildConfiguration;
			buildSettings = {
				ASSETCATALOG_COMPILER_APPICON_NAME = AppIcon;
				ASSETCATALOG_COMPILER_GLOBAL_ACCENT_COLOR_NAME = AccentColor;
				CODE_SIGN_ENTITLEMENTS = Skillify/Skillify.entitlements;
				CODE_SIGN_STYLE = Automatic;
				CURRENT_PROJECT_VERSION = 69;
				DEVELOPMENT_ASSET_PATHS = "\"Skillify/Preview Content\"";
				DEVELOPMENT_TEAM = ATYMLFZUQJ;
				ENABLE_PREVIEWS = YES;
				GENERATE_INFOPLIST_FILE = YES;
				INFOPLIST_FILE = Skillify/Info.plist;
				INFOPLIST_KEY_CFBundleDisplayName = Learnsy;
				INFOPLIST_KEY_LSApplicationCategoryType = "public.app-category.education";
				INFOPLIST_KEY_NSPhotoLibraryUsageDescription = "The application requires access to a photo library to save images.";
				INFOPLIST_KEY_UIApplicationSceneManifest_Generation = YES;
				INFOPLIST_KEY_UIApplicationSupportsIndirectInputEvents = YES;
				INFOPLIST_KEY_UILaunchScreen_Generation = YES;
				INFOPLIST_KEY_UILaunchStoryboardName = "Launch Screen.storyboard";
				INFOPLIST_KEY_UISupportedInterfaceOrientations_iPad = "UIInterfaceOrientationPortrait UIInterfaceOrientationPortraitUpsideDown UIInterfaceOrientationLandscapeLeft UIInterfaceOrientationLandscapeRight";
				INFOPLIST_KEY_UISupportedInterfaceOrientations_iPhone = "UIInterfaceOrientationPortrait UIInterfaceOrientationLandscapeLeft UIInterfaceOrientationLandscapeRight";
				IPHONEOS_DEPLOYMENT_TARGET = 17.0;
				LD_RUNPATH_SEARCH_PATHS = (
					"$(inherited)",
					"@executable_path/Frameworks",
				);
				MARKETING_VERSION = 1.6.9;
				OTHER_LDFLAGS = "-ObjC";
				PRODUCT_BUNDLE_IDENTIFIER = com.lovigin.ios.Skillify;
				PRODUCT_NAME = "$(TARGET_NAME)";
				SUPPORTED_PLATFORMS = "iphoneos iphonesimulator";
				SUPPORTS_MACCATALYST = NO;
				SUPPORTS_MAC_DESIGNED_FOR_IPHONE_IPAD = YES;
				SUPPORTS_XR_DESIGNED_FOR_IPHONE_IPAD = NO;
				SWIFT_EMIT_LOC_STRINGS = YES;
				SWIFT_VERSION = 5.0;
				TARGETED_DEVICE_FAMILY = 1;
			};
			name = Release;
		};
/* End XCBuildConfiguration section */

/* Begin XCConfigurationList section */
		86A9ABF02BEEBF0300F4C7FE /* Build configuration list for PBXProject "Skillify" */ = {
			isa = XCConfigurationList;
			buildConfigurations = (
				86A9AC012BEEBF0300F4C7FE /* Debug */,
				86A9AC022BEEBF0300F4C7FE /* Release */,
			);
			defaultConfigurationIsVisible = 0;
			defaultConfigurationName = Release;
		};
		86A9AC032BEEBF0300F4C7FE /* Build configuration list for PBXNativeTarget "Skillify" */ = {
			isa = XCConfigurationList;
			buildConfigurations = (
				86A9AC042BEEBF0300F4C7FE /* Debug */,
				86A9AC052BEEBF0300F4C7FE /* Release */,
			);
			defaultConfigurationIsVisible = 0;
			defaultConfigurationName = Release;
		};
/* End XCConfigurationList section */
	};
	rootObject = 86A9ABED2BEEBF0300F4C7FE /* Project object */;
}
